// !$*UTF8*$!
{
	archiveVersion = 1;
	classes = {
	};
	objectVersion = 56;
	objects = {

/* Begin PBXBuildFile section */
		931D2C3D2B04FA2000861036 /* FirebaseAnalytics in Frameworks */ = {isa = PBXBuildFile; productRef = 931D2C3C2B04FA2000861036 /* FirebaseAnalytics */; };
		931D2C3F2B04FA2000861036 /* FirebaseAnalyticsOnDeviceConversion in Frameworks */ = {isa = PBXBuildFile; productRef = 931D2C3E2B04FA2000861036 /* FirebaseAnalyticsOnDeviceConversion */; };
		931D2C412B04FA2000861036 /* FirebaseAnalyticsSwift in Frameworks */ = {isa = PBXBuildFile; productRef = 931D2C402B04FA2000861036 /* FirebaseAnalyticsSwift */; };
		931D2C432B04FA2000861036 /* FirebaseAnalyticsWithoutAdIdSupport in Frameworks */ = {isa = PBXBuildFile; productRef = 931D2C422B04FA2000861036 /* FirebaseAnalyticsWithoutAdIdSupport */; };
		931D2C452B04FA2000861036 /* FirebaseAppCheck in Frameworks */ = {isa = PBXBuildFile; productRef = 931D2C442B04FA2000861036 /* FirebaseAppCheck */; };
		931D2C472B04FA2000861036 /* FirebaseAppDistribution-Beta in Frameworks */ = {isa = PBXBuildFile; productRef = 931D2C462B04FA2000861036 /* FirebaseAppDistribution-Beta */; };
		931D2C492B04FA2000861036 /* FirebaseAuth in Frameworks */ = {isa = PBXBuildFile; productRef = 931D2C482B04FA2000861036 /* FirebaseAuth */; };
		931D2C4B2B04FA2000861036 /* FirebaseAuthCombine-Community in Frameworks */ = {isa = PBXBuildFile; productRef = 931D2C4A2B04FA2000861036 /* FirebaseAuthCombine-Community */; };
		931D2C4D2B04FA2000861036 /* FirebaseCrashlytics in Frameworks */ = {isa = PBXBuildFile; productRef = 931D2C4C2B04FA2000861036 /* FirebaseCrashlytics */; };
		931D2C4F2B04FA2000861036 /* FirebaseDatabase in Frameworks */ = {isa = PBXBuildFile; productRef = 931D2C4E2B04FA2000861036 /* FirebaseDatabase */; };
		931D2C512B04FA2000861036 /* FirebaseDatabaseSwift in Frameworks */ = {isa = PBXBuildFile; productRef = 931D2C502B04FA2000861036 /* FirebaseDatabaseSwift */; };
		931D2C532B04FA2000861036 /* FirebaseDynamicLinks in Frameworks */ = {isa = PBXBuildFile; productRef = 931D2C522B04FA2000861036 /* FirebaseDynamicLinks */; };
		931D2C552B04FA2000861036 /* FirebaseFirestore in Frameworks */ = {isa = PBXBuildFile; productRef = 931D2C542B04FA2000861036 /* FirebaseFirestore */; };
		931D2C572B04FA2000861036 /* FirebaseFirestoreCombine-Community in Frameworks */ = {isa = PBXBuildFile; productRef = 931D2C562B04FA2000861036 /* FirebaseFirestoreCombine-Community */; };
		931D2C592B04FA2000861036 /* FirebaseFirestoreSwift in Frameworks */ = {isa = PBXBuildFile; productRef = 931D2C582B04FA2000861036 /* FirebaseFirestoreSwift */; };
		931D2C5B2B04FA2000861036 /* FirebaseFunctions in Frameworks */ = {isa = PBXBuildFile; productRef = 931D2C5A2B04FA2000861036 /* FirebaseFunctions */; };
		931D2C5D2B04FA2000861036 /* FirebaseFunctionsCombine-Community in Frameworks */ = {isa = PBXBuildFile; productRef = 931D2C5C2B04FA2000861036 /* FirebaseFunctionsCombine-Community */; };
		931D2C5F2B04FA2000861036 /* FirebaseInAppMessaging-Beta in Frameworks */ = {isa = PBXBuildFile; productRef = 931D2C5E2B04FA2000861036 /* FirebaseInAppMessaging-Beta */; };
		931D2C612B04FA2000861036 /* FirebaseInAppMessagingSwift-Beta in Frameworks */ = {isa = PBXBuildFile; productRef = 931D2C602B04FA2000861036 /* FirebaseInAppMessagingSwift-Beta */; };
		931D2C632B04FA2000861036 /* FirebaseInstallations in Frameworks */ = {isa = PBXBuildFile; productRef = 931D2C622B04FA2000861036 /* FirebaseInstallations */; };
		931D2C652B04FA2000861036 /* FirebaseMLModelDownloader in Frameworks */ = {isa = PBXBuildFile; productRef = 931D2C642B04FA2000861036 /* FirebaseMLModelDownloader */; };
		931D2C672B04FA2000861036 /* FirebaseMessaging in Frameworks */ = {isa = PBXBuildFile; productRef = 931D2C662B04FA2000861036 /* FirebaseMessaging */; };
		931D2C692B04FA2000861036 /* FirebasePerformance in Frameworks */ = {isa = PBXBuildFile; productRef = 931D2C682B04FA2000861036 /* FirebasePerformance */; };
		931D2C6B2B04FA2000861036 /* FirebaseRemoteConfig in Frameworks */ = {isa = PBXBuildFile; productRef = 931D2C6A2B04FA2000861036 /* FirebaseRemoteConfig */; };
		931D2C6D2B04FA2000861036 /* FirebaseRemoteConfigSwift in Frameworks */ = {isa = PBXBuildFile; productRef = 931D2C6C2B04FA2000861036 /* FirebaseRemoteConfigSwift */; };
		931D2C6F2B04FA2000861036 /* FirebaseStorage in Frameworks */ = {isa = PBXBuildFile; productRef = 931D2C6E2B04FA2000861036 /* FirebaseStorage */; };
		931D2C712B04FA2000861036 /* FirebaseStorageCombine-Community in Frameworks */ = {isa = PBXBuildFile; productRef = 931D2C702B04FA2000861036 /* FirebaseStorageCombine-Community */; };
		931D2C752B0503BF00861036 /* AuthService.swift in Sources */ = {isa = PBXBuildFile; fileRef = 931D2C742B0503BF00861036 /* AuthService.swift */; };
		931D2C792B05060C00861036 /* ContentViewModel.swift in Sources */ = {isa = PBXBuildFile; fileRef = 931D2C782B05060C00861036 /* ContentViewModel.swift */; };
		9342C32E2B0F589600236C2F /* RegistrationViewModel.swift in Sources */ = {isa = PBXBuildFile; fileRef = 9342C32D2B0F589600236C2F /* RegistrationViewModel.swift */; };
		936E32B42AFCF60B0024DB64 /* User.swift in Sources */ = {isa = PBXBuildFile; fileRef = 936E32B32AFCF60B0024DB64 /* User.swift */; };
		936E32B62AFD11690024DB64 /* CurrentUserProfileView.swift in Sources */ = {isa = PBXBuildFile; fileRef = 936E32B52AFD11690024DB64 /* CurrentUserProfileView.swift */; };
		936E32B82AFD16400024DB64 /* Post.swift in Sources */ = {isa = PBXBuildFile; fileRef = 936E32B72AFD16400024DB64 /* Post.swift */; };
		939EC9BE2AF9027B007F6329 /* MainTabView.swift in Sources */ = {isa = PBXBuildFile; fileRef = 939EC9BD2AF9027B007F6329 /* MainTabView.swift */; };
		939EC9C02AF903CE007F6329 /* ProfileView.swift in Sources */ = {isa = PBXBuildFile; fileRef = 939EC9BF2AF903CE007F6329 /* ProfileView.swift */; };
		939EC9C22AF90B25007F6329 /* Assets.xcassets in Resources */ = {isa = PBXBuildFile; fileRef = 939EC9C12AF90B25007F6329 /* Assets.xcassets */; };
		939EC9C52AF910F6007F6329 /* UserStatView.swift in Sources */ = {isa = PBXBuildFile; fileRef = 939EC9C42AF910F6007F6329 /* UserStatView.swift */; };
		939EC9C72AF9239A007F6329 /* FeedView.swift in Sources */ = {isa = PBXBuildFile; fileRef = 939EC9C62AF9239A007F6329 /* FeedView.swift */; };
		939EC9C92AF923AC007F6329 /* FeedCell.swift in Sources */ = {isa = PBXBuildFile; fileRef = 939EC9C82AF923AC007F6329 /* FeedCell.swift */; };
		939EC9CB2AF982C2007F6329 /* SearchView.swift in Sources */ = {isa = PBXBuildFile; fileRef = 939EC9CA2AF982C2007F6329 /* SearchView.swift */; };
		939EC9CD2AFA2282007F6329 /* LoginView.swift in Sources */ = {isa = PBXBuildFile; fileRef = 939EC9CC2AFA2282007F6329 /* LoginView.swift */; };
		939EC9CF2AFA2C7E007F6329 /* AddEmailView.swift in Sources */ = {isa = PBXBuildFile; fileRef = 939EC9CE2AFA2C7E007F6329 /* AddEmailView.swift */; };
		939EC9D12AFA3103007F6329 /* IGTextFieldModifier.swift in Sources */ = {isa = PBXBuildFile; fileRef = 939EC9D02AFA3103007F6329 /* IGTextFieldModifier.swift */; };
		939EC9D52AFA3B14007F6329 /* CreateUserNameView.swift in Sources */ = {isa = PBXBuildFile; fileRef = 939EC9D42AFA3B14007F6329 /* CreateUserNameView.swift */; };
		939EC9D72AFA3E67007F6329 /* CreatePasswordView.swift in Sources */ = {isa = PBXBuildFile; fileRef = 939EC9D62AFA3E67007F6329 /* CreatePasswordView.swift */; };
		939EC9DD2AFB90A1007F6329 /* CompleteSignUpView.swift in Sources */ = {isa = PBXBuildFile; fileRef = 939EC9DC2AFB90A1007F6329 /* CompleteSignUpView.swift */; };
		93D5FB882B02432D00020ED6 /* PostGridView.swift in Sources */ = {isa = PBXBuildFile; fileRef = 93D5FB872B02432D00020ED6 /* PostGridView.swift */; };
		93D5FB8A2B02459500020ED6 /* ProfileHeaderView.swift in Sources */ = {isa = PBXBuildFile; fileRef = 93D5FB892B02459500020ED6 /* ProfileHeaderView.swift */; };
		93D5FB8C2B02497D00020ED6 /* UploadPostView.swift in Sources */ = {isa = PBXBuildFile; fileRef = 93D5FB8B2B02497D00020ED6 /* UploadPostView.swift */; };
		93D5FB8E2B024DC400020ED6 /* UploadPostViewModel.swift in Sources */ = {isa = PBXBuildFile; fileRef = 93D5FB8D2B024DC400020ED6 /* UploadPostViewModel.swift */; };
		93D5FB902B04F65F00020ED6 /* GoogleService-Info.plist in Resources */ = {isa = PBXBuildFile; fileRef = 93D5FB8F2B04F65F00020ED6 /* GoogleService-Info.plist */; };
		93F94ACC2AF8FD110004E193 /* InstagramApp.swift in Sources */ = {isa = PBXBuildFile; fileRef = 93F94ACB2AF8FD110004E193 /* InstagramApp.swift */; };
		93F94ACE2AF8FD110004E193 /* ContentView.swift in Sources */ = {isa = PBXBuildFile; fileRef = 93F94ACD2AF8FD110004E193 /* ContentView.swift */; };
		93F94AD32AF8FD120004E193 /* Preview Assets.xcassets in Resources */ = {isa = PBXBuildFile; fileRef = 93F94AD22AF8FD120004E193 /* Preview Assets.xcassets */; };
/* End PBXBuildFile section */

/* Begin PBXFileReference section */
		931D2C742B0503BF00861036 /* AuthService.swift */ = {isa = PBXFileReference; lastKnownFileType = sourcecode.swift; path = AuthService.swift; sourceTree = "<group>"; };
		931D2C782B05060C00861036 /* ContentViewModel.swift */ = {isa = PBXFileReference; lastKnownFileType = sourcecode.swift; path = ContentViewModel.swift; sourceTree = "<group>"; };
		9342C32D2B0F589600236C2F /* RegistrationViewModel.swift */ = {isa = PBXFileReference; lastKnownFileType = sourcecode.swift; path = RegistrationViewModel.swift; sourceTree = "<group>"; };
		936E32B32AFCF60B0024DB64 /* User.swift */ = {isa = PBXFileReference; lastKnownFileType = sourcecode.swift; path = User.swift; sourceTree = "<group>"; };
		936E32B52AFD11690024DB64 /* CurrentUserProfileView.swift */ = {isa = PBXFileReference; lastKnownFileType = sourcecode.swift; path = CurrentUserProfileView.swift; sourceTree = "<group>"; };
		936E32B72AFD16400024DB64 /* Post.swift */ = {isa = PBXFileReference; lastKnownFileType = sourcecode.swift; path = Post.swift; sourceTree = "<group>"; };
		939EC9BD2AF9027B007F6329 /* MainTabView.swift */ = {isa = PBXFileReference; lastKnownFileType = sourcecode.swift; path = MainTabView.swift; sourceTree = "<group>"; };
		939EC9BF2AF903CE007F6329 /* ProfileView.swift */ = {isa = PBXFileReference; lastKnownFileType = sourcecode.swift; path = ProfileView.swift; sourceTree = "<group>"; };
		939EC9C12AF90B25007F6329 /* Assets.xcassets */ = {isa = PBXFileReference; lastKnownFileType = folder.assetcatalog; path = Assets.xcassets; sourceTree = "<group>"; };
		939EC9C42AF910F6007F6329 /* UserStatView.swift */ = {isa = PBXFileReference; lastKnownFileType = sourcecode.swift; path = UserStatView.swift; sourceTree = "<group>"; };
		939EC9C62AF9239A007F6329 /* FeedView.swift */ = {isa = PBXFileReference; lastKnownFileType = sourcecode.swift; path = FeedView.swift; sourceTree = "<group>"; };
		939EC9C82AF923AC007F6329 /* FeedCell.swift */ = {isa = PBXFileReference; lastKnownFileType = sourcecode.swift; path = FeedCell.swift; sourceTree = "<group>"; };
		939EC9CA2AF982C2007F6329 /* SearchView.swift */ = {isa = PBXFileReference; lastKnownFileType = sourcecode.swift; path = SearchView.swift; sourceTree = "<group>"; };
		939EC9CC2AFA2282007F6329 /* LoginView.swift */ = {isa = PBXFileReference; lastKnownFileType = sourcecode.swift; path = LoginView.swift; sourceTree = "<group>"; };
		939EC9CE2AFA2C7E007F6329 /* AddEmailView.swift */ = {isa = PBXFileReference; lastKnownFileType = sourcecode.swift; path = AddEmailView.swift; sourceTree = "<group>"; };
		939EC9D02AFA3103007F6329 /* IGTextFieldModifier.swift */ = {isa = PBXFileReference; lastKnownFileType = sourcecode.swift; path = IGTextFieldModifier.swift; sourceTree = "<group>"; };
		939EC9D42AFA3B14007F6329 /* CreateUserNameView.swift */ = {isa = PBXFileReference; lastKnownFileType = sourcecode.swift; path = CreateUserNameView.swift; sourceTree = "<group>"; };
		939EC9D62AFA3E67007F6329 /* CreatePasswordView.swift */ = {isa = PBXFileReference; lastKnownFileType = sourcecode.swift; path = CreatePasswordView.swift; sourceTree = "<group>"; };
		939EC9DC2AFB90A1007F6329 /* CompleteSignUpView.swift */ = {isa = PBXFileReference; lastKnownFileType = sourcecode.swift; path = CompleteSignUpView.swift; sourceTree = "<group>"; };
		93D5FB872B02432D00020ED6 /* PostGridView.swift */ = {isa = PBXFileReference; lastKnownFileType = sourcecode.swift; path = PostGridView.swift; sourceTree = "<group>"; };
		93D5FB892B02459500020ED6 /* ProfileHeaderView.swift */ = {isa = PBXFileReference; lastKnownFileType = sourcecode.swift; path = ProfileHeaderView.swift; sourceTree = "<group>"; };
		93D5FB8B2B02497D00020ED6 /* UploadPostView.swift */ = {isa = PBXFileReference; lastKnownFileType = sourcecode.swift; path = UploadPostView.swift; sourceTree = "<group>"; };
		93D5FB8D2B024DC400020ED6 /* UploadPostViewModel.swift */ = {isa = PBXFileReference; lastKnownFileType = sourcecode.swift; path = UploadPostViewModel.swift; sourceTree = "<group>"; };
		93D5FB8F2B04F65F00020ED6 /* GoogleService-Info.plist */ = {isa = PBXFileReference; fileEncoding = 4; lastKnownFileType = text.plist.xml; path = "GoogleService-Info.plist"; sourceTree = "<group>"; };
		93F94AC82AF8FD110004E193 /* Instagram.app */ = {isa = PBXFileReference; explicitFileType = wrapper.application; includeInIndex = 0; path = Instagram.app; sourceTree = BUILT_PRODUCTS_DIR; };
		93F94ACB2AF8FD110004E193 /* InstagramApp.swift */ = {isa = PBXFileReference; lastKnownFileType = sourcecode.swift; path = InstagramApp.swift; sourceTree = "<group>"; };
		93F94ACD2AF8FD110004E193 /* ContentView.swift */ = {isa = PBXFileReference; lastKnownFileType = sourcecode.swift; path = ContentView.swift; sourceTree = "<group>"; };
		93F94AD22AF8FD120004E193 /* Preview Assets.xcassets */ = {isa = PBXFileReference; lastKnownFileType = folder.assetcatalog; path = "Preview Assets.xcassets"; sourceTree = "<group>"; };
/* End PBXFileReference section */

/* Begin PBXFrameworksBuildPhase section */
		93F94AC52AF8FD110004E193 /* Frameworks */ = {
			isa = PBXFrameworksBuildPhase;
			buildActionMask = 2147483647;
			files = (
				931D2C4F2B04FA2000861036 /* FirebaseDatabase in Frameworks */,
				931D2C5D2B04FA2000861036 /* FirebaseFunctionsCombine-Community in Frameworks */,
				931D2C552B04FA2000861036 /* FirebaseFirestore in Frameworks */,
				931D2C412B04FA2000861036 /* FirebaseAnalyticsSwift in Frameworks */,
				931D2C3D2B04FA2000861036 /* FirebaseAnalytics in Frameworks */,
				931D2C3F2B04FA2000861036 /* FirebaseAnalyticsOnDeviceConversion in Frameworks */,
				931D2C652B04FA2000861036 /* FirebaseMLModelDownloader in Frameworks */,
				931D2C592B04FA2000861036 /* FirebaseFirestoreSwift in Frameworks */,
				931D2C452B04FA2000861036 /* FirebaseAppCheck in Frameworks */,
				931D2C432B04FA2000861036 /* FirebaseAnalyticsWithoutAdIdSupport in Frameworks */,
				931D2C492B04FA2000861036 /* FirebaseAuth in Frameworks */,
				931D2C4D2B04FA2000861036 /* FirebaseCrashlytics in Frameworks */,
				931D2C6D2B04FA2000861036 /* FirebaseRemoteConfigSwift in Frameworks */,
				931D2C5F2B04FA2000861036 /* FirebaseInAppMessaging-Beta in Frameworks */,
				931D2C512B04FA2000861036 /* FirebaseDatabaseSwift in Frameworks */,
				931D2C5B2B04FA2000861036 /* FirebaseFunctions in Frameworks */,
				931D2C712B04FA2000861036 /* FirebaseStorageCombine-Community in Frameworks */,
				931D2C6B2B04FA2000861036 /* FirebaseRemoteConfig in Frameworks */,
				931D2C472B04FA2000861036 /* FirebaseAppDistribution-Beta in Frameworks */,
				931D2C4B2B04FA2000861036 /* FirebaseAuthCombine-Community in Frameworks */,
				931D2C692B04FA2000861036 /* FirebasePerformance in Frameworks */,
				931D2C612B04FA2000861036 /* FirebaseInAppMessagingSwift-Beta in Frameworks */,
				931D2C6F2B04FA2000861036 /* FirebaseStorage in Frameworks */,
				931D2C532B04FA2000861036 /* FirebaseDynamicLinks in Frameworks */,
				931D2C572B04FA2000861036 /* FirebaseFirestoreCombine-Community in Frameworks */,
				931D2C672B04FA2000861036 /* FirebaseMessaging in Frameworks */,
				931D2C632B04FA2000861036 /* FirebaseInstallations in Frameworks */,
			);
			runOnlyForDeploymentPostprocessing = 0;
		};
/* End PBXFrameworksBuildPhase section */

/* Begin PBXGroup section */
		931D2C722B05038000861036 /* View */ = {
			isa = PBXGroup;
			children = (
				939EC9CC2AFA2282007F6329 /* LoginView.swift */,
				939EC9CE2AFA2C7E007F6329 /* AddEmailView.swift */,
				939EC9D42AFA3B14007F6329 /* CreateUserNameView.swift */,
				939EC9D62AFA3E67007F6329 /* CreatePasswordView.swift */,
				939EC9DC2AFB90A1007F6329 /* CompleteSignUpView.swift */,
			);
			path = View;
			sourceTree = "<group>";
		};
		931D2C732B05039A00861036 /* Service */ = {
			isa = PBXGroup;
			children = (
				931D2C742B0503BF00861036 /* AuthService.swift */,
			);
			path = Service;
			sourceTree = "<group>";
		};
		931D2C762B0505CE00861036 /* View */ = {
			isa = PBXGroup;
			children = (
				93F94ACD2AF8FD110004E193 /* ContentView.swift */,
			);
			path = View;
			sourceTree = "<group>";
		};
		931D2C772B0505D500861036 /* ViewModel */ = {
			isa = PBXGroup;
			children = (
				931D2C782B05060C00861036 /* ContentViewModel.swift */,
			);
			path = ViewModel;
			sourceTree = "<group>";
		};
		9342C32C2B0F586C00236C2F /* ViewModel */ = {
			isa = PBXGroup;
			children = (
				9342C32D2B0F589600236C2F /* RegistrationViewModel.swift */,
			);
			path = ViewModel;
			sourceTree = "<group>";
		};
		939EC9B02AF900C6007F6329 /* Services */ = {
			isa = PBXGroup;
			children = (
			);
			path = Services;
			sourceTree = "<group>";
		};
		939EC9B22AF900D9007F6329 /* Model */ = {
			isa = PBXGroup;
			children = (
				936E32B32AFCF60B0024DB64 /* User.swift */,
				936E32B72AFD16400024DB64 /* Post.swift */,
			);
			path = Model;
			sourceTree = "<group>";
		};
		939EC9B32AF900DB007F6329 /* Extentions */ = {
			isa = PBXGroup;
			children = (
			);
			path = Extentions;
			sourceTree = "<group>";
		};
		939EC9B42AF900DD007F6329 /* Core */ = {
			isa = PBXGroup;
			children = (
				939EC9C32AF910CD007F6329 /* Components */,
				939EC9B62AF9015C007F6329 /* Authentication */,
				939EC9B72AF90179007F6329 /* Feed */,
				939EC9B82AF90182007F6329 /* Profile */,
				939EC9B92AF90188007F6329 /* Root */,
				939EC9BA2AF90191007F6329 /* Search */,
				939EC9BB2AF901D6007F6329 /* TabBar */,
				939EC9BC2AF901E0007F6329 /* UploadPost */,
			);
			path = Core;
			sourceTree = "<group>";
		};
		939EC9B52AF900E1007F6329 /* App */ = {
			isa = PBXGroup;
			children = (
				93F94ACB2AF8FD110004E193 /* InstagramApp.swift */,
			);
			path = App;
			sourceTree = "<group>";
		};
		939EC9B62AF9015C007F6329 /* Authentication */ = {
			isa = PBXGroup;
			children = (
				9342C32C2B0F586C00236C2F /* ViewModel */,
				931D2C732B05039A00861036 /* Service */,
				931D2C722B05038000861036 /* View */,
			);
			path = Authentication;
			sourceTree = "<group>";
		};
		939EC9B72AF90179007F6329 /* Feed */ = {
			isa = PBXGroup;
			children = (
				939EC9C62AF9239A007F6329 /* FeedView.swift */,
				939EC9C82AF923AC007F6329 /* FeedCell.swift */,
			);
			path = Feed;
			sourceTree = "<group>";
		};
		939EC9B82AF90182007F6329 /* Profile */ = {
			isa = PBXGroup;
			children = (
				939EC9BF2AF903CE007F6329 /* ProfileView.swift */,
				93D5FB892B02459500020ED6 /* ProfileHeaderView.swift */,
				936E32B52AFD11690024DB64 /* CurrentUserProfileView.swift */,
			);
			path = Profile;
			sourceTree = "<group>";
		};
		939EC9B92AF90188007F6329 /* Root */ = {
			isa = PBXGroup;
			children = (
				931D2C772B0505D500861036 /* ViewModel */,
				931D2C762B0505CE00861036 /* View */,
			);
			path = Root;
			sourceTree = "<group>";
		};
		939EC9BA2AF90191007F6329 /* Search */ = {
			isa = PBXGroup;
			children = (
				939EC9CA2AF982C2007F6329 /* SearchView.swift */,
			);
			path = Search;
			sourceTree = "<group>";
		};
		939EC9BB2AF901D6007F6329 /* TabBar */ = {
			isa = PBXGroup;
			children = (
				939EC9BD2AF9027B007F6329 /* MainTabView.swift */,
			);
			path = TabBar;
			sourceTree = "<group>";
		};
		939EC9BC2AF901E0007F6329 /* UploadPost */ = {
			isa = PBXGroup;
			children = (
				93D5FB8B2B02497D00020ED6 /* UploadPostView.swift */,
				93D5FB8D2B024DC400020ED6 /* UploadPostViewModel.swift */,
			);
			path = UploadPost;
			sourceTree = "<group>";
		};
		939EC9C32AF910CD007F6329 /* Components */ = {
			isa = PBXGroup;
			children = (
				939EC9C42AF910F6007F6329 /* UserStatView.swift */,
				939EC9D02AFA3103007F6329 /* IGTextFieldModifier.swift */,
				93D5FB872B02432D00020ED6 /* PostGridView.swift */,
			);
			path = Components;
			sourceTree = "<group>";
		};
		93F94ABF2AF8FD110004E193 = {
			isa = PBXGroup;
			children = (
				93F94ACA2AF8FD110004E193 /* Instagram */,
				939EC9C12AF90B25007F6329 /* Assets.xcassets */,
				93D5FB8F2B04F65F00020ED6 /* GoogleService-Info.plist */,
				93F94AC92AF8FD110004E193 /* Products */,
			);
			sourceTree = "<group>";
		};
		93F94AC92AF8FD110004E193 /* Products */ = {
			isa = PBXGroup;
			children = (
				93F94AC82AF8FD110004E193 /* Instagram.app */,
			);
			name = Products;
			sourceTree = "<group>";
		};
		93F94ACA2AF8FD110004E193 /* Instagram */ = {
			isa = PBXGroup;
			children = (
				939EC9B52AF900E1007F6329 /* App */,
				939EC9B42AF900DD007F6329 /* Core */,
				939EC9B32AF900DB007F6329 /* Extentions */,
				939EC9B22AF900D9007F6329 /* Model */,
				939EC9B02AF900C6007F6329 /* Services */,
				93F94AD12AF8FD120004E193 /* Preview Content */,
			);
			path = Instagram;
			sourceTree = "<group>";
		};
		93F94AD12AF8FD120004E193 /* Preview Content */ = {
			isa = PBXGroup;
			children = (
				93F94AD22AF8FD120004E193 /* Preview Assets.xcassets */,
			);
			path = "Preview Content";
			sourceTree = "<group>";
		};
/* End PBXGroup section */

/* Begin PBXNativeTarget section */
		93F94AC72AF8FD110004E193 /* Instagram */ = {
			isa = PBXNativeTarget;
			buildConfigurationList = 93F94AD62AF8FD120004E193 /* Build configuration list for PBXNativeTarget "Instagram" */;
			buildPhases = (
				93F94AC42AF8FD110004E193 /* Sources */,
				93F94AC52AF8FD110004E193 /* Frameworks */,
				93F94AC62AF8FD110004E193 /* Resources */,
			);
			buildRules = (
			);
			dependencies = (
			);
			name = Instagram;
			packageProductDependencies = (
				931D2C3C2B04FA2000861036 /* FirebaseAnalytics */,
				931D2C3E2B04FA2000861036 /* FirebaseAnalyticsOnDeviceConversion */,
				931D2C402B04FA2000861036 /* FirebaseAnalyticsSwift */,
				931D2C422B04FA2000861036 /* FirebaseAnalyticsWithoutAdIdSupport */,
				931D2C442B04FA2000861036 /* FirebaseAppCheck */,
				931D2C462B04FA2000861036 /* FirebaseAppDistribution-Beta */,
				931D2C482B04FA2000861036 /* FirebaseAuth */,
				931D2C4A2B04FA2000861036 /* FirebaseAuthCombine-Community */,
				931D2C4C2B04FA2000861036 /* FirebaseCrashlytics */,
				931D2C4E2B04FA2000861036 /* FirebaseDatabase */,
				931D2C502B04FA2000861036 /* FirebaseDatabaseSwift */,
				931D2C522B04FA2000861036 /* FirebaseDynamicLinks */,
				931D2C542B04FA2000861036 /* FirebaseFirestore */,
				931D2C562B04FA2000861036 /* FirebaseFirestoreCombine-Community */,
				931D2C582B04FA2000861036 /* FirebaseFirestoreSwift */,
				931D2C5A2B04FA2000861036 /* FirebaseFunctions */,
				931D2C5C2B04FA2000861036 /* FirebaseFunctionsCombine-Community */,
				931D2C5E2B04FA2000861036 /* FirebaseInAppMessaging-Beta */,
				931D2C602B04FA2000861036 /* FirebaseInAppMessagingSwift-Beta */,
				931D2C622B04FA2000861036 /* FirebaseInstallations */,
				931D2C642B04FA2000861036 /* FirebaseMLModelDownloader */,
				931D2C662B04FA2000861036 /* FirebaseMessaging */,
				931D2C682B04FA2000861036 /* FirebasePerformance */,
				931D2C6A2B04FA2000861036 /* FirebaseRemoteConfig */,
				931D2C6C2B04FA2000861036 /* FirebaseRemoteConfigSwift */,
				931D2C6E2B04FA2000861036 /* FirebaseStorage */,
				931D2C702B04FA2000861036 /* FirebaseStorageCombine-Community */,
			);
			productName = Instagram;
			productReference = 93F94AC82AF8FD110004E193 /* Instagram.app */;
			productType = "com.apple.product-type.application";
		};
/* End PBXNativeTarget section */

/* Begin PBXProject section */
		93F94AC02AF8FD110004E193 /* Project object */ = {
			isa = PBXProject;
			attributes = {
				BuildIndependentTargetsInParallel = 1;
				LastSwiftUpdateCheck = 1500;
				LastUpgradeCheck = 1500;
				TargetAttributes = {
					93F94AC72AF8FD110004E193 = {
						CreatedOnToolsVersion = 15.0.1;
					};
				};
			};
			buildConfigurationList = 93F94AC32AF8FD110004E193 /* Build configuration list for PBXProject "Instagram" */;
			compatibilityVersion = "Xcode 14.0";
			developmentRegion = en;
			hasScannedForEncodings = 0;
			knownRegions = (
				en,
				Base,
			);
			mainGroup = 93F94ABF2AF8FD110004E193;
			packageReferences = (
				931D2C3B2B04FA2000861036 /* XCRemoteSwiftPackageReference "firebase-ios-sdk" */,
			);
			productRefGroup = 93F94AC92AF8FD110004E193 /* Products */;
			projectDirPath = "";
			projectRoot = "";
			targets = (
				93F94AC72AF8FD110004E193 /* Instagram */,
			);
		};
/* End PBXProject section */

/* Begin PBXResourcesBuildPhase section */
		93F94AC62AF8FD110004E193 /* Resources */ = {
			isa = PBXResourcesBuildPhase;
			buildActionMask = 2147483647;
			files = (
				939EC9C22AF90B25007F6329 /* Assets.xcassets in Resources */,
				93F94AD32AF8FD120004E193 /* Preview Assets.xcassets in Resources */,
				93D5FB902B04F65F00020ED6 /* GoogleService-Info.plist in Resources */,
			);
			runOnlyForDeploymentPostprocessing = 0;
		};
/* End PBXResourcesBuildPhase section */

/* Begin PBXSourcesBuildPhase section */
		93F94AC42AF8FD110004E193 /* Sources */ = {
			isa = PBXSourcesBuildPhase;
			buildActionMask = 2147483647;
			files = (
				939EC9C92AF923AC007F6329 /* FeedCell.swift in Sources */,
				93D5FB8C2B02497D00020ED6 /* UploadPostView.swift in Sources */,
				939EC9C02AF903CE007F6329 /* ProfileView.swift in Sources */,
				939EC9D52AFA3B14007F6329 /* CreateUserNameView.swift in Sources */,
				939EC9C52AF910F6007F6329 /* UserStatView.swift in Sources */,
				931D2C752B0503BF00861036 /* AuthService.swift in Sources */,
				936E32B82AFD16400024DB64 /* Post.swift in Sources */,
				939EC9CD2AFA2282007F6329 /* LoginView.swift in Sources */,
				936E32B62AFD11690024DB64 /* CurrentUserProfileView.swift in Sources */,
				93F94ACE2AF8FD110004E193 /* ContentView.swift in Sources */,
				93D5FB882B02432D00020ED6 /* PostGridView.swift in Sources */,
				939EC9CF2AFA2C7E007F6329 /* AddEmailView.swift in Sources */,
				931D2C792B05060C00861036 /* ContentViewModel.swift in Sources */,
				9342C32E2B0F589600236C2F /* RegistrationViewModel.swift in Sources */,
				93D5FB8E2B024DC400020ED6 /* UploadPostViewModel.swift in Sources */,
				93D5FB8A2B02459500020ED6 /* ProfileHeaderView.swift in Sources */,
				939EC9DD2AFB90A1007F6329 /* CompleteSignUpView.swift in Sources */,
				936E32B42AFCF60B0024DB64 /* User.swift in Sources */,
				939EC9CB2AF982C2007F6329 /* SearchView.swift in Sources */,
				939EC9D12AFA3103007F6329 /* IGTextFieldModifier.swift in Sources */,
				93F94ACC2AF8FD110004E193 /* InstagramApp.swift in Sources */,
				939EC9C72AF9239A007F6329 /* FeedView.swift in Sources */,
				939EC9BE2AF9027B007F6329 /* MainTabView.swift in Sources */,
				939EC9D72AFA3E67007F6329 /* CreatePasswordView.swift in Sources */,
			);
			runOnlyForDeploymentPostprocessing = 0;
		};
/* End PBXSourcesBuildPhase section */

/* Begin XCBuildConfiguration section */
		93F94AD42AF8FD120004E193 /* Debug */ = {
			isa = XCBuildConfiguration;
			buildSettings = {
				ALWAYS_SEARCH_USER_PATHS = NO;
				ASSETCATALOG_COMPILER_GENERATE_SWIFT_ASSET_SYMBOL_EXTENSIONS = YES;
				CLANG_ANALYZER_NONNULL = YES;
				CLANG_ANALYZER_NUMBER_OBJECT_CONVERSION = YES_AGGRESSIVE;
				CLANG_CXX_LANGUAGE_STANDARD = "gnu++20";
				CLANG_ENABLE_MODULES = YES;
				CLANG_ENABLE_OBJC_ARC = YES;
				CLANG_ENABLE_OBJC_WEAK = YES;
				CLANG_WARN_BLOCK_CAPTURE_AUTORELEASING = YES;
				CLANG_WARN_BOOL_CONVERSION = YES;
				CLANG_WARN_COMMA = YES;
				CLANG_WARN_CONSTANT_CONVERSION = YES;
				CLANG_WARN_DEPRECATED_OBJC_IMPLEMENTATIONS = YES;
				CLANG_WARN_DIRECT_OBJC_ISA_USAGE = YES_ERROR;
				CLANG_WARN_DOCUMENTATION_COMMENTS = YES;
				CLANG_WARN_EMPTY_BODY = YES;
				CLANG_WARN_ENUM_CONVERSION = YES;
				CLANG_WARN_INFINITE_RECURSION = YES;
				CLANG_WARN_INT_CONVERSION = YES;
				CLANG_WARN_NON_LITERAL_NULL_CONVERSION = YES;
				CLANG_WARN_OBJC_IMPLICIT_RETAIN_SELF = YES;
				CLANG_WARN_OBJC_LITERAL_CONVERSION = YES;
				CLANG_WARN_OBJC_ROOT_CLASS = YES_ERROR;
				CLANG_WARN_QUOTED_INCLUDE_IN_FRAMEWORK_HEADER = YES;
				CLANG_WARN_RANGE_LOOP_ANALYSIS = YES;
				CLANG_WARN_STRICT_PROTOTYPES = YES;
				CLANG_WARN_SUSPICIOUS_MOVE = YES;
				CLANG_WARN_UNGUARDED_AVAILABILITY = YES_AGGRESSIVE;
				CLANG_WARN_UNREACHABLE_CODE = YES;
				CLANG_WARN__DUPLICATE_METHOD_MATCH = YES;
				COPY_PHASE_STRIP = NO;
				DEBUG_INFORMATION_FORMAT = dwarf;
				ENABLE_STRICT_OBJC_MSGSEND = YES;
				ENABLE_TESTABILITY = YES;
				ENABLE_USER_SCRIPT_SANDBOXING = YES;
				GCC_C_LANGUAGE_STANDARD = gnu17;
				GCC_DYNAMIC_NO_PIC = NO;
				GCC_NO_COMMON_BLOCKS = YES;
				GCC_OPTIMIZATION_LEVEL = 0;
				GCC_PREPROCESSOR_DEFINITIONS = (
					"DEBUG=1",
					"$(inherited)",
				);
				GCC_WARN_64_TO_32_BIT_CONVERSION = YES;
				GCC_WARN_ABOUT_RETURN_TYPE = YES_ERROR;
				GCC_WARN_UNDECLARED_SELECTOR = YES;
				GCC_WARN_UNINITIALIZED_AUTOS = YES_AGGRESSIVE;
				GCC_WARN_UNUSED_FUNCTION = YES;
				GCC_WARN_UNUSED_VARIABLE = YES;
				IPHONEOS_DEPLOYMENT_TARGET = 17.0;
				LOCALIZATION_PREFERS_STRING_CATALOGS = YES;
				MTL_ENABLE_DEBUG_INFO = INCLUDE_SOURCE;
				MTL_FAST_MATH = YES;
				ONLY_ACTIVE_ARCH = YES;
				SDKROOT = iphoneos;
				SWIFT_ACTIVE_COMPILATION_CONDITIONS = "DEBUG $(inherited)";
				SWIFT_OPTIMIZATION_LEVEL = "-Onone";
			};
			name = Debug;
		};
		93F94AD52AF8FD120004E193 /* Release */ = {
			isa = XCBuildConfiguration;
			buildSettings = {
				ALWAYS_SEARCH_USER_PATHS = NO;
				ASSETCATALOG_COMPILER_GENERATE_SWIFT_ASSET_SYMBOL_EXTENSIONS = YES;
				CLANG_ANALYZER_NONNULL = YES;
				CLANG_ANALYZER_NUMBER_OBJECT_CONVERSION = YES_AGGRESSIVE;
				CLANG_CXX_LANGUAGE_STANDARD = "gnu++20";
				CLANG_ENABLE_MODULES = YES;
				CLANG_ENABLE_OBJC_ARC = YES;
				CLANG_ENABLE_OBJC_WEAK = YES;
				CLANG_WARN_BLOCK_CAPTURE_AUTORELEASING = YES;
				CLANG_WARN_BOOL_CONVERSION = YES;
				CLANG_WARN_COMMA = YES;
				CLANG_WARN_CONSTANT_CONVERSION = YES;
				CLANG_WARN_DEPRECATED_OBJC_IMPLEMENTATIONS = YES;
				CLANG_WARN_DIRECT_OBJC_ISA_USAGE = YES_ERROR;
				CLANG_WARN_DOCUMENTATION_COMMENTS = YES;
				CLANG_WARN_EMPTY_BODY = YES;
				CLANG_WARN_ENUM_CONVERSION = YES;
				CLANG_WARN_INFINITE_RECURSION = YES;
				CLANG_WARN_INT_CONVERSION = YES;
				CLANG_WARN_NON_LITERAL_NULL_CONVERSION = YES;
				CLANG_WARN_OBJC_IMPLICIT_RETAIN_SELF = YES;
				CLANG_WARN_OBJC_LITERAL_CONVERSION = YES;
				CLANG_WARN_OBJC_ROOT_CLASS = YES_ERROR;
				CLANG_WARN_QUOTED_INCLUDE_IN_FRAMEWORK_HEADER = YES;
				CLANG_WARN_RANGE_LOOP_ANALYSIS = YES;
				CLANG_WARN_STRICT_PROTOTYPES = YES;
				CLANG_WARN_SUSPICIOUS_MOVE = YES;
				CLANG_WARN_UNGUARDED_AVAILABILITY = YES_AGGRESSIVE;
				CLANG_WARN_UNREACHABLE_CODE = YES;
				CLANG_WARN__DUPLICATE_METHOD_MATCH = YES;
				COPY_PHASE_STRIP = NO;
				DEBUG_INFORMATION_FORMAT = "dwarf-with-dsym";
				ENABLE_NS_ASSERTIONS = NO;
				ENABLE_STRICT_OBJC_MSGSEND = YES;
				ENABLE_USER_SCRIPT_SANDBOXING = YES;
				GCC_C_LANGUAGE_STANDARD = gnu17;
				GCC_NO_COMMON_BLOCKS = YES;
				GCC_WARN_64_TO_32_BIT_CONVERSION = YES;
				GCC_WARN_ABOUT_RETURN_TYPE = YES_ERROR;
				GCC_WARN_UNDECLARED_SELECTOR = YES;
				GCC_WARN_UNINITIALIZED_AUTOS = YES_AGGRESSIVE;
				GCC_WARN_UNUSED_FUNCTION = YES;
				GCC_WARN_UNUSED_VARIABLE = YES;
				IPHONEOS_DEPLOYMENT_TARGET = 17.0;
				LOCALIZATION_PREFERS_STRING_CATALOGS = YES;
				MTL_ENABLE_DEBUG_INFO = NO;
				MTL_FAST_MATH = YES;
				SDKROOT = iphoneos;
				SWIFT_COMPILATION_MODE = wholemodule;
				VALIDATE_PRODUCT = YES;
			};
			name = Release;
		};
		93F94AD72AF8FD120004E193 /* Debug */ = {
			isa = XCBuildConfiguration;
			buildSettings = {
				ASSETCATALOG_COMPILER_APPICON_NAME = AppIcon;
				ASSETCATALOG_COMPILER_GLOBAL_ACCENT_COLOR_NAME = AccentColor;
				ASSETCATALOG_COMPILER_INCLUDE_ALL_APPICON_ASSETS = YES;
				CODE_SIGN_STYLE = Automatic;
				CURRENT_PROJECT_VERSION = 1;
				DEVELOPMENT_ASSET_PATHS = "\"Instagram/Preview Content\"";
				DEVELOPMENT_TEAM = 7PMP3UQ276;
				ENABLE_PREVIEWS = YES;
				GENERATE_INFOPLIST_FILE = YES;
				INFOPLIST_KEY_UIApplicationSceneManifest_Generation = YES;
				INFOPLIST_KEY_UIApplicationSupportsIndirectInputEvents = YES;
				INFOPLIST_KEY_UILaunchScreen_Generation = YES;
				INFOPLIST_KEY_UISupportedInterfaceOrientations = UIInterfaceOrientationPortrait;
				IPHONEOS_DEPLOYMENT_TARGET = 17.0;
				LD_RUNPATH_SEARCH_PATHS = (
					"$(inherited)",
					"@executable_path/Frameworks",
				);
				MARKETING_VERSION = 1.0;
				PRODUCT_BUNDLE_IDENTIFIER = ru.swiftbook.Instagram;
				PRODUCT_NAME = "$(TARGET_NAME)";
				SUPPORTED_PLATFORMS = "iphoneos iphonesimulator";
				SUPPORTS_MACCATALYST = NO;
				SUPPORTS_MAC_DESIGNED_FOR_IPHONE_IPAD = NO;
				SWIFT_EMIT_LOC_STRINGS = YES;
				SWIFT_VERSION = 5.0;
				TARGETED_DEVICE_FAMILY = "1,2";
			};
			name = Debug;
		};
		93F94AD82AF8FD120004E193 /* Release */ = {
			isa = XCBuildConfiguration;
			buildSettings = {
				ASSETCATALOG_COMPILER_APPICON_NAME = AppIcon;
				ASSETCATALOG_COMPILER_GLOBAL_ACCENT_COLOR_NAME = AccentColor;
				ASSETCATALOG_COMPILER_INCLUDE_ALL_APPICON_ASSETS = YES;
				CODE_SIGN_STYLE = Automatic;
				CURRENT_PROJECT_VERSION = 1;
				DEVELOPMENT_ASSET_PATHS = "\"Instagram/Preview Content\"";
				DEVELOPMENT_TEAM = 7PMP3UQ276;
				ENABLE_PREVIEWS = YES;
				GENERATE_INFOPLIST_FILE = YES;
				INFOPLIST_KEY_UIApplicationSceneManifest_Generation = YES;
				INFOPLIST_KEY_UIApplicationSupportsIndirectInputEvents = YES;
				INFOPLIST_KEY_UILaunchScreen_Generation = YES;
				INFOPLIST_KEY_UISupportedInterfaceOrientations = UIInterfaceOrientationPortrait;
				IPHONEOS_DEPLOYMENT_TARGET = 17.0;
				LD_RUNPATH_SEARCH_PATHS = (
					"$(inherited)",
					"@executable_path/Frameworks",
				);
				MARKETING_VERSION = 1.0;
				PRODUCT_BUNDLE_IDENTIFIER = ru.swiftbook.Instagram;
				PRODUCT_NAME = "$(TARGET_NAME)";
				SUPPORTED_PLATFORMS = "iphoneos iphonesimulator";
				SUPPORTS_MACCATALYST = NO;
				SUPPORTS_MAC_DESIGNED_FOR_IPHONE_IPAD = NO;
				SWIFT_EMIT_LOC_STRINGS = YES;
				SWIFT_VERSION = 5.0;
				TARGETED_DEVICE_FAMILY = "1,2";
			};
			name = Release;
		};
/* End XCBuildConfiguration section */

/* Begin XCConfigurationList section */
		93F94AC32AF8FD110004E193 /* Build configuration list for PBXProject "Instagram" */ = {
			isa = XCConfigurationList;
			buildConfigurations = (
				93F94AD42AF8FD120004E193 /* Debug */,
				93F94AD52AF8FD120004E193 /* Release */,
			);
			defaultConfigurationIsVisible = 0;
			defaultConfigurationName = Release;
		};
		93F94AD62AF8FD120004E193 /* Build configuration list for PBXNativeTarget "Instagram" */ = {
			isa = XCConfigurationList;
			buildConfigurations = (
				93F94AD72AF8FD120004E193 /* Debug */,
				93F94AD82AF8FD120004E193 /* Release */,
			);
			defaultConfigurationIsVisible = 0;
			defaultConfigurationName = Release;
		};
/* End XCConfigurationList section */

/* Begin XCRemoteSwiftPackageReference section */
		931D2C3B2B04FA2000861036 /* XCRemoteSwiftPackageReference "firebase-ios-sdk" */ = {
			isa = XCRemoteSwiftPackageReference;
			repositoryURL = "https://github.com/firebase/firebase-ios-sdk";
			requirement = {
				kind = upToNextMajorVersion;
				minimumVersion = 10.18.0;
			};
		};
/* End XCRemoteSwiftPackageReference section */

/* Begin XCSwiftPackageProductDependency section */
		931D2C3C2B04FA2000861036 /* FirebaseAnalytics */ = {
			isa = XCSwiftPackageProductDependency;
			package = 931D2C3B2B04FA2000861036 /* XCRemoteSwiftPackageReference "firebase-ios-sdk" */;
			productName = FirebaseAnalytics;
		};
		931D2C3E2B04FA2000861036 /* FirebaseAnalyticsOnDeviceConversion */ = {
			isa = XCSwiftPackageProductDependency;
			package = 931D2C3B2B04FA2000861036 /* XCRemoteSwiftPackageReference "firebase-ios-sdk" */;
			productName = FirebaseAnalyticsOnDeviceConversion;
		};
		931D2C402B04FA2000861036 /* FirebaseAnalyticsSwift */ = {
			isa = XCSwiftPackageProductDependency;
			package = 931D2C3B2B04FA2000861036 /* XCRemoteSwiftPackageReference "firebase-ios-sdk" */;
			productName = FirebaseAnalyticsSwift;
		};
		931D2C422B04FA2000861036 /* FirebaseAnalyticsWithoutAdIdSupport */ = {
			isa = XCSwiftPackageProductDependency;
			package = 931D2C3B2B04FA2000861036 /* XCRemoteSwiftPackageReference "firebase-ios-sdk" */;
			productName = FirebaseAnalyticsWithoutAdIdSupport;
		};
		931D2C442B04FA2000861036 /* FirebaseAppCheck */ = {
			isa = XCSwiftPackageProductDependency;
			package = 931D2C3B2B04FA2000861036 /* XCRemoteSwiftPackageReference "firebase-ios-sdk" */;
			productName = FirebaseAppCheck;
		};
		931D2C462B04FA2000861036 /* FirebaseAppDistribution-Beta */ = {
			isa = XCSwiftPackageProductDependency;
			package = 931D2C3B2B04FA2000861036 /* XCRemoteSwiftPackageReference "firebase-ios-sdk" */;
			productName = "FirebaseAppDistribution-Beta";
		};
		931D2C482B04FA2000861036 /* FirebaseAuth */ = {
			isa = XCSwiftPackageProductDependency;
			package = 931D2C3B2B04FA2000861036 /* XCRemoteSwiftPackageReference "firebase-ios-sdk" */;
			productName = FirebaseAuth;
		};
		931D2C4A2B04FA2000861036 /* FirebaseAuthCombine-Community */ = {
			isa = XCSwiftPackageProductDependency;
			package = 931D2C3B2B04FA2000861036 /* XCRemoteSwiftPackageReference "firebase-ios-sdk" */;
			productName = "FirebaseAuthCombine-Community";
		};
		931D2C4C2B04FA2000861036 /* FirebaseCrashlytics */ = {
			isa = XCSwiftPackageProductDependency;
			package = 931D2C3B2B04FA2000861036 /* XCRemoteSwiftPackageReference "firebase-ios-sdk" */;
			productName = FirebaseCrashlytics;
		};
		931D2C4E2B04FA2000861036 /* FirebaseDatabase */ = {
			isa = XCSwiftPackageProductDependency;
			package = 931D2C3B2B04FA2000861036 /* XCRemoteSwiftPackageReference "firebase-ios-sdk" */;
			productName = FirebaseDatabase;
		};
		931D2C502B04FA2000861036 /* FirebaseDatabaseSwift */ = {
			isa = XCSwiftPackageProductDependency;
			package = 931D2C3B2B04FA2000861036 /* XCRemoteSwiftPackageReference "firebase-ios-sdk" */;
			productName = FirebaseDatabaseSwift;
		};
		931D2C522B04FA2000861036 /* FirebaseDynamicLinks */ = {
			isa = XCSwiftPackageProductDependency;
			package = 931D2C3B2B04FA2000861036 /* XCRemoteSwiftPackageReference "firebase-ios-sdk" */;
			productName = FirebaseDynamicLinks;
		};
		931D2C542B04FA2000861036 /* FirebaseFirestore */ = {
			isa = XCSwiftPackageProductDependency;
			package = 931D2C3B2B04FA2000861036 /* XCRemoteSwiftPackageReference "firebase-ios-sdk" */;
			productName = FirebaseFirestore;
		};
		931D2C562B04FA2000861036 /* FirebaseFirestoreCombine-Community */ = {
			isa = XCSwiftPackageProductDependency;
			package = 931D2C3B2B04FA2000861036 /* XCRemoteSwiftPackageReference "firebase-ios-sdk" */;
			productName = "FirebaseFirestoreCombine-Community";
		};
		931D2C582B04FA2000861036 /* FirebaseFirestoreSwift */ = {
			isa = XCSwiftPackageProductDependency;
			package = 931D2C3B2B04FA2000861036 /* XCRemoteSwiftPackageReference "firebase-ios-sdk" */;
			productName = FirebaseFirestoreSwift;
		};
		931D2C5A2B04FA2000861036 /* FirebaseFunctions */ = {
			isa = XCSwiftPackageProductDependency;
			package = 931D2C3B2B04FA2000861036 /* XCRemoteSwiftPackageReference "firebase-ios-sdk" */;
			productName = FirebaseFunctions;
		};
		931D2C5C2B04FA2000861036 /* FirebaseFunctionsCombine-Community */ = {
			isa = XCSwiftPackageProductDependency;
			package = 931D2C3B2B04FA2000861036 /* XCRemoteSwiftPackageReference "firebase-ios-sdk" */;
			productName = "FirebaseFunctionsCombine-Community";
		};
		931D2C5E2B04FA2000861036 /* FirebaseInAppMessaging-Beta */ = {
			isa = XCSwiftPackageProductDependency;
			package = 931D2C3B2B04FA2000861036 /* XCRemoteSwiftPackageReference "firebase-ios-sdk" */;
			productName = "FirebaseInAppMessaging-Beta";
		};
		931D2C602B04FA2000861036 /* FirebaseInAppMessagingSwift-Beta */ = {
			isa = XCSwiftPackageProductDependency;
			package = 931D2C3B2B04FA2000861036 /* XCRemoteSwiftPackageReference "firebase-ios-sdk" */;
			productName = "FirebaseInAppMessagingSwift-Beta";
		};
		931D2C622B04FA2000861036 /* FirebaseInstallations */ = {
			isa = XCSwiftPackageProductDependency;
			package = 931D2C3B2B04FA2000861036 /* XCRemoteSwiftPackageReference "firebase-ios-sdk" */;
			productName = FirebaseInstallations;
		};
		931D2C642B04FA2000861036 /* FirebaseMLModelDownloader */ = {
			isa = XCSwiftPackageProductDependency;
			package = 931D2C3B2B04FA2000861036 /* XCRemoteSwiftPackageReference "firebase-ios-sdk" */;
			productName = FirebaseMLModelDownloader;
		};
		931D2C662B04FA2000861036 /* FirebaseMessaging */ = {
			isa = XCSwiftPackageProductDependency;
			package = 931D2C3B2B04FA2000861036 /* XCRemoteSwiftPackageReference "firebase-ios-sdk" */;
			productName = FirebaseMessaging;
		};
		931D2C682B04FA2000861036 /* FirebasePerformance */ = {
			isa = XCSwiftPackageProductDependency;
			package = 931D2C3B2B04FA2000861036 /* XCRemoteSwiftPackageReference "firebase-ios-sdk" */;
			productName = FirebasePerformance;
		};
		931D2C6A2B04FA2000861036 /* FirebaseRemoteConfig */ = {
			isa = XCSwiftPackageProductDependency;
			package = 931D2C3B2B04FA2000861036 /* XCRemoteSwiftPackageReference "firebase-ios-sdk" */;
			productName = FirebaseRemoteConfig;
		};
		931D2C6C2B04FA2000861036 /* FirebaseRemoteConfigSwift */ = {
			isa = XCSwiftPackageProductDependency;
			package = 931D2C3B2B04FA2000861036 /* XCRemoteSwiftPackageReference "firebase-ios-sdk" */;
			productName = FirebaseRemoteConfigSwift;
		};
		931D2C6E2B04FA2000861036 /* FirebaseStorage */ = {
			isa = XCSwiftPackageProductDependency;
			package = 931D2C3B2B04FA2000861036 /* XCRemoteSwiftPackageReference "firebase-ios-sdk" */;
			productName = FirebaseStorage;
		};
		931D2C702B04FA2000861036 /* FirebaseStorageCombine-Community */ = {
			isa = XCSwiftPackageProductDependency;
			package = 931D2C3B2B04FA2000861036 /* XCRemoteSwiftPackageReference "firebase-ios-sdk" */;
			productName = "FirebaseStorageCombine-Community";
		};
/* End XCSwiftPackageProductDependency section */
	};
	rootObject = 93F94AC02AF8FD110004E193 /* Project object */;
}
